
Microsoft Visual Studio Solution File, Format Version 12.00
# Visual Studio Version 16
VisualStudioVersion = 16.0.31727.386
MinimumVisualStudioVersion = 10.0.40219.1
Project("{FAE04EC0-301F-11D3-BF4B-00C04F79EFBC}") = "CoreBlog", "CoreBlog\CoreBlog.csproj", "{EB0D5FB5-DABD-4CC0-B989-C9406C06312F}"
EndProject
Project("{FAE04EC0-301F-11D3-BF4B-00C04F79EFBC}") = "Entity", "Entity\Entity.csproj", "{D3D43374-CC29-424A-AF61-F0298FD8DF27}"
EndProject
Project("{FAE04EC0-301F-11D3-BF4B-00C04F79EFBC}") = "DataAccessLayer", "DataAccessLayer\DataAccessLayer.csproj", "{14DB9074-5FE3-4906-9E6D-85F59E373C9D}"
EndProject
Project("{FAE04EC0-301F-11D3-BF4B-00C04F79EFBC}") = "BusinessLayer", "BusinessLayer\BusinessLayer.csproj", "{37A3FCDB-64A4-47C3-B054-10EE8A3B68FB}"
EndProject
Project("{FAE04EC0-301F-11D3-BF4B-00C04F79EFBC}") = "Core", "Core\Core.csproj", "{9018B168-35B6-430A-98A4-A5F990DA28C9}"
EndProject
Global
	GlobalSection(SolutionConfigurationPlatforms) = preSolution
		Debug|Any CPU = Debug|Any CPU
		Release|Any CPU = Release|Any CPU
	EndGlobalSection
	GlobalSection(ProjectConfigurationPlatforms) = postSolution
		{EB0D5FB5-DABD-4CC0-B989-C9406C06312F}.Debug|Any CPU.ActiveCfg = Debug|Any CPU
		{EB0D5FB5-DABD-4CC0-B989-C9406C06312F}.Debug|Any CPU.Build.0 = Debug|Any CPU
		{EB0D5FB5-DABD-4CC0-B989-C9406C06312F}.Release|Any CPU.ActiveCfg = Release|Any CPU
		{EB0D5FB5-DABD-4CC0-B989-C9406C06312F}.Release|Any CPU.Build.0 = Release|Any CPU
		{D3D43374-CC29-424A-AF61-F0298FD8DF27}.Debug|Any CPU.ActiveCfg = Debug|Any CPU
		{D3D43374-CC29-424A-AF61-F0298FD8DF27}.Debug|Any CPU.Build.0 = Debug|Any CPU
		{D3D43374-CC29-424A-AF61-F0298FD8DF27}.Release|Any CPU.ActiveCfg = Release|Any CPU
		{D3D43374-CC29-424A-AF61-F0298FD8DF27}.Release|Any CPU.Build.0 = Release|Any CPU
		{14DB9074-5FE3-4906-9E6D-85F59E373C9D}.Debug|Any CPU.ActiveCfg = Debug|Any CPU
		{14DB9074-5FE3-4906-9E6D-85F59E373C9D}.Debug|Any CPU.Build.0 = Debug|Any CPU
		{14DB9074-5FE3-4906-9E6D-85F59E373C9D}.Release|Any CPU.ActiveCfg = Release|Any CPU
		{14DB9074-5FE3-4906-9E6D-85F59E373C9D}.Release|Any CPU.Build.0 = Release|Any CPU
		{37A3FCDB-64A4-47C3-B054-10EE8A3B68FB}.Debug|Any CPU.ActiveCfg = Debug|Any CPU
		{37A3FCDB-64A4-47C3-B054-10EE8A3B68FB}.Debug|Any CPU.Build.0 = Debug|Any CPU
		{37A3FCDB-64A4-47C3-B054-10EE8A3B68FB}.Release|Any CPU.ActiveCfg = Release|Any CPU
		{37A3FCDB-64A4-47C3-B054-10EE8A3B68FB}.Release|Any CPU.Build.0 = Release|Any CPU
		{9018B168-35B6-430A-98A4-A5F990DA28C9}.Debug|Any CPU.ActiveCfg = Debug|Any CPU
		{9018B168-35B6-430A-98A4-A5F990DA28C9}.Debug|Any CPU.Build.0 = Debug|Any CPU
		{9018B168-35B6-430A-98A4-A5F990DA28C9}.Release|Any CPU.ActiveCfg = Release|Any CPU
		{9018B168-35B6-430A-98A4-A5F990DA28C9}.Release|Any CPU.Build.0 = Release|Any CPU
	EndGlobalSection
	GlobalSection(SolutionProperties) = preSolution
		HideSolutionNode = FALSE
	EndGlobalSection
	GlobalSection(ExtensibilityGlobals) = postSolution
		SolutionGuid = {1F0BC3B7-88FD-477B-B42E-C49277D33098}
	EndGlobalSection
EndGlobal
